
Microsoft Visual Studio Solution File, Format Version 12.00
# Visual Studio Version 17
VisualStudioVersion = 17.1.32210.238
MinimumVisualStudioVersion = 10.0.40219.1
Project("{FAE04EC0-301F-11D3-BF4B-00C04F79EFBC}") = "VIVE_Engine", "VIVE_Engine.csproj", "{1D50B9E9-0F1E-4029-8A43-13709B5B7F5C}"
EndProject
Global
	GlobalSection(SolutionConfigurationPlatforms) = preSolution
		Debug|Any CPU = Debug|Any CPU
		Release|Any CPU = Release|Any CPU
	EndGlobalSection
	GlobalSection(ProjectConfigurationPlatforms) = postSolution
		{1D50B9E9-0F1E-4029-8A43-13709B5B7F5C}.Debug|Any CPU.ActiveCfg = Debug|Any CPU
		{1D50B9E9-0F1E-4029-8A43-13709B5B7F5C}.Debug|Any CPU.Build.0 = Debug|Any CPU
		{1D50B9E9-0F1E-4029-8A43-13709B5B7F5C}.Release|Any CPU.ActiveCfg = Release|Any CPU
		{1D50B9E9-0F1E-4029-8A43-13709B5B7F5C}.Release|Any CPU.Build.0 = Release|Any CPU
	EndGlobalSection
	GlobalSection(SolutionProperties) = preSolution
		HideSolutionNode = FALSE
	EndGlobalSection
	GlobalSection(ExtensibilityGlobals) = postSolution
		SolutionGuid = {E7BB7131-B662-44B1-A197-EAC4EFFF0BC9}
	EndGlobalSection
EndGlobal
